
Microsoft Visual Studio Solution File, Format Version 12.00
# Visual Studio 15
Project("{FAE04EC0-301F-11D3-BF4B-00C04F79EFBC}") = "UnityEngine.UI", "UnityEngine.UI.csproj", "{8649F933-E0D4-8473-F001-D36A74B62E8B}"
EndProject
Project("{FAE04EC0-301F-11D3-BF4B-00C04F79EFBC}") = "UnityEngine.TestRunner", "UnityEngine.TestRunner.csproj", "{53D9F1C8-7CE6-DF3E-3067-FFF0E5A06F69}"
EndProject
Project("{FAE04EC0-301F-11D3-BF4B-00C04F79EFBC}") = "Unity.Mathematics", "Unity.Mathematics.csproj", "{CEC99BE1-296F-3A2B-D4B5-8B49A405E7BC}"
EndProject
Project("{FAE04EC0-301F-11D3-BF4B-00C04F79EFBC}") = "Unity.2D.Animation.Triangle.Runtime", "Unity.2D.Animation.Triangle.Runtime.csproj", "{DA1CF556-FCFC-7EB2-3E2A-B137D68A3339}"
EndProject
Project("{FAE04EC0-301F-11D3-BF4B-00C04F79EFBC}") = "Unity.Timeline", "Unity.Timeline.csproj", "{1887188E-E087-DEBB-3230-F0B1489B4AA7}"
EndProject
Project("{FAE04EC0-301F-11D3-BF4B-00C04F79EFBC}") = "Unity.TextMeshPro", "Unity.TextMeshPro.csproj", "{FCC7706D-9317-A41E-E543-EE55D5F331E4}"
EndProject
Project("{FAE04EC0-301F-11D3-BF4B-00C04F79EFBC}") = "Unity.2D.Animation.Runtime", "Unity.2D.Animation.Runtime.csproj", "{1D7B50FE-58F1-60AE-54A7-848848E11F15}"
EndProject
Project("{FAE04EC0-301F-11D3-BF4B-00C04F79EFBC}") = "Assembly-CSharp", "Assembly-CSharp.csproj", "{E17B91FC-07A5-42DF-628B-B900B4725018}"
EndProject
Project("{FAE04EC0-301F-11D3-BF4B-00C04F79EFBC}") = "Unity.2D.IK.Runtime", "Unity.2D.IK.Runtime.csproj", "{A5F799CE-D5D8-E411-B3D7-AB2159566AD9}"
EndProject
Project("{FAE04EC0-301F-11D3-BF4B-00C04F79EFBC}") = "Unity.2D.SpriteShape.Runtime", "Unity.2D.SpriteShape.Runtime.csproj", "{AB6B27ED-58B0-F4F5-D759-DBA1A3EBCAA4}"
EndProject
Project("{FAE04EC0-301F-11D3-BF4B-00C04F79EFBC}") = "Assembly-CSharp-firstpass", "Assembly-CSharp-firstpass.csproj", "{772EC1F1-443A-AC1C-8023-5AA4061DFF4A}"
EndProject
Project("{FAE04EC0-301F-11D3-BF4B-00C04F79EFBC}") = "Unity.2D.PixelPerfect", "Unity.2D.PixelPerfect.csproj", "{2EF7724B-6B45-8114-374B-756BB67E5165}"
EndProject
Project("{FAE04EC0-301F-11D3-BF4B-00C04F79EFBC}") = "Unity.2D.Common.Runtime", "Unity.2D.Common.Runtime.csproj", "{0CDDC48E-DE15-3557-481E-4A691B4F86F6}"
EndProject
Project("{FAE04EC0-301F-11D3-BF4B-00C04F79EFBC}") = "Unity.InternalAPIEngineBridge.001", "Unity.InternalAPIEngineBridge.001.csproj", "{62220A2C-E549-A809-E9E8-C14DDCC168F3}"
EndProject
Project("{FAE04EC0-301F-11D3-BF4B-00C04F79EFBC}") = "UnityEditor.TestRunner", "UnityEditor.TestRunner.csproj", "{A50B0852-D55D-9DFB-245D-D3AE5ED1D6AA}"
EndProject
Project("{FAE04EC0-301F-11D3-BF4B-00C04F79EFBC}") = "Unity.PlasticSCM.Editor", "Unity.PlasticSCM.Editor.csproj", "{E79FEC58-03F5-3A82-8D33-0ADF080CC752}"
EndProject
Project("{FAE04EC0-301F-11D3-BF4B-00C04F79EFBC}") = "UnityEditor.UI", "UnityEditor.UI.csproj", "{2AA47D49-4B66-2D8F-DB17-F15B75D95518}"
EndProject
Project("{FAE04EC0-301F-11D3-BF4B-00C04F79EFBC}") = "Unity.Timeline.Editor", "Unity.Timeline.Editor.csproj", "{36A8D5E2-30BB-C756-AE23-C5B4F1CFF2CE}"
EndProject
Project("{FAE04EC0-301F-11D3-BF4B-00C04F79EFBC}") = "Unity.VisualStudio.Editor", "Unity.VisualStudio.Editor.csproj", "{1B6E2D89-8189-2B5E-4456-8BE1A7349198}"
EndProject
Project("{FAE04EC0-301F-11D3-BF4B-00C04F79EFBC}") = "Unity.2D.Psdimporter.Editor", "Unity.2D.Psdimporter.Editor.csproj", "{27F6E3F3-8FF6-3BEA-8A2D-7AA66BDD1532}"
EndProject
Project("{FAE04EC0-301F-11D3-BF4B-00C04F79EFBC}") = "Unity.2D.Animation.Editor", "Unity.2D.Animation.Editor.csproj", "{DC40B2B1-3D6D-5A58-4EEB-F7CAF060A779}"
EndProject
Project("{FAE04EC0-301F-11D3-BF4B-00C04F79EFBC}") = "Unity.TextMeshPro.Editor", "Unity.TextMeshPro.Editor.csproj", "{D67052BC-7A66-44CB-1BD7-9B2423ADCC17}"
EndProject
Project("{FAE04EC0-301F-11D3-BF4B-00C04F79EFBC}") = "Unity.2D.SpriteShape.Editor", "Unity.2D.SpriteShape.Editor.csproj", "{0C48D9C3-AA3B-EC9D-7B2E-8DE779F3BA56}"
EndProject
Project("{FAE04EC0-301F-11D3-BF4B-00C04F79EFBC}") = "Unity.CollabProxy.Editor", "Unity.CollabProxy.Editor.csproj", "{509A9193-4562-6E82-F657-FD1A159B4133}"
EndProject
Project("{FAE04EC0-301F-11D3-BF4B-00C04F79EFBC}") = "PsdPlugin", "PsdPlugin.csproj", "{6092EF51-2206-3FB8-C029-79468D9C5EC3}"
EndProject
Project("{FAE04EC0-301F-11D3-BF4B-00C04F79EFBC}") = "Unity.2D.Path.Editor", "Unity.2D.Path.Editor.csproj", "{BA91EEFA-0A4D-5F9E-B2F7-0A627FB3D3EA}"
EndProject
Project("{FAE04EC0-301F-11D3-BF4B-00C04F79EFBC}") = "Unity.Rider.Editor", "Unity.Rider.Editor.csproj", "{C78AD432-6B73-0708-0E10-8AE315827526}"
EndProject
Project("{FAE04EC0-301F-11D3-BF4B-00C04F79EFBC}") = "Unity.2D.IK.Editor", "Unity.2D.IK.Editor.csproj", "{11698461-A0DC-BF9E-38ED-724E77BD64F2}"
EndProject
Project("{FAE04EC0-301F-11D3-BF4B-00C04F79EFBC}") = "Unity.2D.Sprite.Editor", "Unity.2D.Sprite.Editor.csproj", "{93FB504F-0BE1-9AAB-005B-B4CF3B9391C7}"
EndProject
Project("{FAE04EC0-301F-11D3-BF4B-00C04F79EFBC}") = "Unity.2D.Tilemap.Editor", "Unity.2D.Tilemap.Editor.csproj", "{6D42E84E-52E7-EE31-AF60-CB887F236F11}"
EndProject
Project("{FAE04EC0-301F-11D3-BF4B-00C04F79EFBC}") = "Unity.2D.PixelPerfect.Editor", "Unity.2D.PixelPerfect.Editor.csproj", "{2E2BAED8-0170-0380-F68A-A5FD92B57E4A}"
EndProject
Project("{FAE04EC0-301F-11D3-BF4B-00C04F79EFBC}") = "Unity.VSCode.Editor", "Unity.VSCode.Editor.csproj", "{2B90CAB3-52E9-3A48-0CC7-7D479EA32158}"
EndProject
Project("{FAE04EC0-301F-11D3-BF4B-00C04F79EFBC}") = "Unity.2D.Common.Editor", "Unity.2D.Common.Editor.csproj", "{43A48B86-00C1-956E-266B-B6852003A11C}"
EndProject
Project("{FAE04EC0-301F-11D3-BF4B-00C04F79EFBC}") = "Unity.Mathematics.Editor", "Unity.Mathematics.Editor.csproj", "{19C95DC8-FAB6-99EA-0FF8-864B3C562864}"
EndProject
Project("{FAE04EC0-301F-11D3-BF4B-00C04F79EFBC}") = "Assembly-CSharp-Editor-firstpass", "Assembly-CSharp-Editor-firstpass.csproj", "{D9740A45-3658-E3B7-DBAC-04ADE2579558}"
EndProject
Project("{FAE04EC0-301F-11D3-BF4B-00C04F79EFBC}") = "Unity.InternalAPIEditorBridge.001", "Unity.InternalAPIEditorBridge.001.csproj", "{35325DD2-C8B2-2CB8-5B41-179D3B89D9DA}"
EndProject
Project("{FAE04EC0-301F-11D3-BF4B-00C04F79EFBC}") = "UnityEngine.UI", "UnityEngine.UI.Player.csproj", "{6E14651A-B2A9-099E-D529-B87163B2ED8F}"
EndProject
Project("{FAE04EC0-301F-11D3-BF4B-00C04F79EFBC}") = "UnityEngine.TestRunner", "UnityEngine.TestRunner.Player.csproj", "{9F0034F5-467B-BC96-9356-2F578981E156}"
EndProject
Project("{FAE04EC0-301F-11D3-BF4B-00C04F79EFBC}") = "Unity.Mathematics", "Unity.Mathematics.Player.csproj", "{968E640B-8008-C583-6C7B-62C1A06D610A}"
EndProject
Project("{FAE04EC0-301F-11D3-BF4B-00C04F79EFBC}") = "Unity.2D.Animation.Triangle.Runtime", "Unity.2D.Animation.Triangle.Runtime.Player.csproj", "{9A7FFC54-1B09-DE21-7BD1-4E1D967DB6DC}"
EndProject
Project("{FAE04EC0-301F-11D3-BF4B-00C04F79EFBC}") = "Unity.Timeline", "Unity.Timeline.Player.csproj", "{CD41114C-04FC-A1D9-75FC-B802DEDDB913}"
EndProject
Project("{FAE04EC0-301F-11D3-BF4B-00C04F79EFBC}") = "Unity.TextMeshPro", "Unity.TextMeshPro.Player.csproj", "{916826D6-E95A-F8BE-72B9-7F01A1AA59A8}"
EndProject
Project("{FAE04EC0-301F-11D3-BF4B-00C04F79EFBC}") = "Unity.2D.Animation.Runtime", "Unity.2D.Animation.Runtime.Player.csproj", "{C5B3A42B-432E-7A73-4C61-D3080D501BB1}"
EndProject
Project("{FAE04EC0-301F-11D3-BF4B-00C04F79EFBC}") = "Assembly-CSharp", "Assembly-CSharp.Player.csproj", "{D0CF9DFA-5F98-4BAB-3D13-E7A0CF30D47E}"
EndProject
Project("{FAE04EC0-301F-11D3-BF4B-00C04F79EFBC}") = "Unity.2D.IK.Runtime", "Unity.2D.IK.Runtime.Player.csproj", "{93B9AE64-6F03-BFBD-0865-CECF58288A97}"
EndProject
Project("{FAE04EC0-301F-11D3-BF4B-00C04F79EFBC}") = "Unity.2D.SpriteShape.Runtime", "Unity.2D.SpriteShape.Runtime.Player.csproj", "{83C17BDE-817A-243B-A765-085DCBD1AB99}"
EndProject
Project("{FAE04EC0-301F-11D3-BF4B-00C04F79EFBC}") = "Assembly-CSharp-firstpass", "Assembly-CSharp-firstpass.Player.csproj", "{3EF2B844-3F1B-03F0-7A28-C1311EA50948}"
EndProject
Project("{FAE04EC0-301F-11D3-BF4B-00C04F79EFBC}") = "Unity.2D.PixelPerfect", "Unity.2D.PixelPerfect.Player.csproj", "{08D30458-7CF1-BDC5-9F9F-4EF546CE8A76}"
EndProject
Project("{FAE04EC0-301F-11D3-BF4B-00C04F79EFBC}") = "Unity.2D.Common.Runtime", "Unity.2D.Common.Runtime.Player.csproj", "{E8BF3128-783E-3CA5-ED35-35347C3CFC2D}"
EndProject
Project("{FAE04EC0-301F-11D3-BF4B-00C04F79EFBC}") = "Unity.InternalAPIEngineBridge.001", "Unity.InternalAPIEngineBridge.001.Player.csproj", "{95871552-F9D5-78C0-3268-979D8F2B8309}"
EndProject
Global
	GlobalSection(SolutionConfigurationPlatforms) = preSolution
		Debug|Any CPU = Debug|Any CPU
		Release|Any CPU = Release|Any CPU
	EndGlobalSection
	GlobalSection(ProjectConfigurationPlatforms) = postSolution
		{8649F933-E0D4-8473-F001-D36A74B62E8B}.Debug|Any CPU.ActiveCfg = Debug|Any CPU
		{8649F933-E0D4-8473-F001-D36A74B62E8B}.Debug|Any CPU.Build.0 = Debug|Any CPU
		{8649F933-E0D4-8473-F001-D36A74B62E8B}.Release|Any CPU.ActiveCfg = Release|Any CPU
		{8649F933-E0D4-8473-F001-D36A74B62E8B}.Release|Any CPU.Build.0 = Release|Any CPU
		{53D9F1C8-7CE6-DF3E-3067-FFF0E5A06F69}.Debug|Any CPU.ActiveCfg = Debug|Any CPU
		{53D9F1C8-7CE6-DF3E-3067-FFF0E5A06F69}.Debug|Any CPU.Build.0 = Debug|Any CPU
		{53D9F1C8-7CE6-DF3E-3067-FFF0E5A06F69}.Release|Any CPU.ActiveCfg = Release|Any CPU
		{53D9F1C8-7CE6-DF3E-3067-FFF0E5A06F69}.Release|Any CPU.Build.0 = Release|Any CPU
		{CEC99BE1-296F-3A2B-D4B5-8B49A405E7BC}.Debug|Any CPU.ActiveCfg = Debug|Any CPU
		{CEC99BE1-296F-3A2B-D4B5-8B49A405E7BC}.Debug|Any CPU.Build.0 = Debug|Any CPU
		{CEC99BE1-296F-3A2B-D4B5-8B49A405E7BC}.Release|Any CPU.ActiveCfg = Release|Any CPU
		{CEC99BE1-296F-3A2B-D4B5-8B49A405E7BC}.Release|Any CPU.Build.0 = Release|Any CPU
		{DA1CF556-FCFC-7EB2-3E2A-B137D68A3339}.Debug|Any CPU.ActiveCfg = Debug|Any CPU
		{DA1CF556-FCFC-7EB2-3E2A-B137D68A3339}.Debug|Any CPU.Build.0 = Debug|Any CPU
		{DA1CF556-FCFC-7EB2-3E2A-B137D68A3339}.Release|Any CPU.ActiveCfg = Release|Any CPU
		{DA1CF556-FCFC-7EB2-3E2A-B137D68A3339}.Release|Any CPU.Build.0 = Release|Any CPU
		{1887188E-E087-DEBB-3230-F0B1489B4AA7}.Debug|Any CPU.ActiveCfg = Debug|Any CPU
		{1887188E-E087-DEBB-3230-F0B1489B4AA7}.Debug|Any CPU.Build.0 = Debug|Any CPU
		{1887188E-E087-DEBB-3230-F0B1489B4AA7}.Release|Any CPU.ActiveCfg = Release|Any CPU
		{1887188E-E087-DEBB-3230-F0B1489B4AA7}.Release|Any CPU.Build.0 = Release|Any CPU
		{FCC7706D-9317-A41E-E543-EE55D5F331E4}.Debug|Any CPU.ActiveCfg = Debug|Any CPU
		{FCC7706D-9317-A41E-E543-EE55D5F331E4}.Debug|Any CPU.Build.0 = Debug|Any CPU
		{FCC7706D-9317-A41E-E543-EE55D5F331E4}.Release|Any CPU.ActiveCfg = Release|Any CPU
		{FCC7706D-9317-A41E-E543-EE55D5F331E4}.Release|Any CPU.Build.0 = Release|Any CPU
		{1D7B50FE-58F1-60AE-54A7-848848E11F15}.Debug|Any CPU.ActiveCfg = Debug|Any CPU
		{1D7B50FE-58F1-60AE-54A7-848848E11F15}.Debug|Any CPU.Build.0 = Debug|Any CPU
		{1D7B50FE-58F1-60AE-54A7-848848E11F15}.Release|Any CPU.ActiveCfg = Release|Any CPU
		{1D7B50FE-58F1-60AE-54A7-848848E11F15}.Release|Any CPU.Build.0 = Release|Any CPU
		{E17B91FC-07A5-42DF-628B-B900B4725018}.Debug|Any CPU.ActiveCfg = Debug|Any CPU
		{E17B91FC-07A5-42DF-628B-B900B4725018}.Debug|Any CPU.Build.0 = Debug|Any CPU
		{E17B91FC-07A5-42DF-628B-B900B4725018}.Release|Any CPU.ActiveCfg = Release|Any CPU
		{E17B91FC-07A5-42DF-628B-B900B4725018}.Release|Any CPU.Build.0 = Release|Any CPU
		{A5F799CE-D5D8-E411-B3D7-AB2159566AD9}.Debug|Any CPU.ActiveCfg = Debug|Any CPU
		{A5F799CE-D5D8-E411-B3D7-AB2159566AD9}.Debug|Any CPU.Build.0 = Debug|Any CPU
		{A5F799CE-D5D8-E411-B3D7-AB2159566AD9}.Release|Any CPU.ActiveCfg = Release|Any CPU
		{A5F799CE-D5D8-E411-B3D7-AB2159566AD9}.Release|Any CPU.Build.0 = Release|Any CPU
		{AB6B27ED-58B0-F4F5-D759-DBA1A3EBCAA4}.Debug|Any CPU.ActiveCfg = Debug|Any CPU
		{AB6B27ED-58B0-F4F5-D759-DBA1A3EBCAA4}.Debug|Any CPU.Build.0 = Debug|Any CPU
		{AB6B27ED-58B0-F4F5-D759-DBA1A3EBCAA4}.Release|Any CPU.ActiveCfg = Release|Any CPU
		{AB6B27ED-58B0-F4F5-D759-DBA1A3EBCAA4}.Release|Any CPU.Build.0 = Release|Any CPU
		{772EC1F1-443A-AC1C-8023-5AA4061DFF4A}.Debug|Any CPU.ActiveCfg = Debug|Any CPU
		{772EC1F1-443A-AC1C-8023-5AA4061DFF4A}.Debug|Any CPU.Build.0 = Debug|Any CPU
		{772EC1F1-443A-AC1C-8023-5AA4061DFF4A}.Release|Any CPU.ActiveCfg = Release|Any CPU
		{772EC1F1-443A-AC1C-8023-5AA4061DFF4A}.Release|Any CPU.Build.0 = Release|Any CPU
		{2EF7724B-6B45-8114-374B-756BB67E5165}.Debug|Any CPU.ActiveCfg = Debug|Any CPU
		{2EF7724B-6B45-8114-374B-756BB67E5165}.Debug|Any CPU.Build.0 = Debug|Any CPU
		{2EF7724B-6B45-8114-374B-756BB67E5165}.Release|Any CPU.ActiveCfg = Release|Any CPU
		{2EF7724B-6B45-8114-374B-756BB67E5165}.Release|Any CPU.Build.0 = Release|Any CPU
		{0CDDC48E-DE15-3557-481E-4A691B4F86F6}.Debug|Any CPU.ActiveCfg = Debug|Any CPU
		{0CDDC48E-DE15-3557-481E-4A691B4F86F6}.Debug|Any CPU.Build.0 = Debug|Any CPU
		{0CDDC48E-DE15-3557-481E-4A691B4F86F6}.Release|Any CPU.ActiveCfg = Release|Any CPU
		{0CDDC48E-DE15-3557-481E-4A691B4F86F6}.Release|Any CPU.Build.0 = Release|Any CPU
		{62220A2C-E549-A809-E9E8-C14DDCC168F3}.Debug|Any CPU.ActiveCfg = Debug|Any CPU
		{62220A2C-E549-A809-E9E8-C14DDCC168F3}.Debug|Any CPU.Build.0 = Debug|Any CPU
		{62220A2C-E549-A809-E9E8-C14DDCC168F3}.Release|Any CPU.ActiveCfg = Release|Any CPU
		{62220A2C-E549-A809-E9E8-C14DDCC168F3}.Release|Any CPU.Build.0 = Release|Any CPU
		{A50B0852-D55D-9DFB-245D-D3AE5ED1D6AA}.Debug|Any CPU.ActiveCfg = Debug|Any CPU
		{A50B0852-D55D-9DFB-245D-D3AE5ED1D6AA}.Debug|Any CPU.Build.0 = Debug|Any CPU
		{A50B0852-D55D-9DFB-245D-D3AE5ED1D6AA}.Release|Any CPU.ActiveCfg = Release|Any CPU
		{A50B0852-D55D-9DFB-245D-D3AE5ED1D6AA}.Release|Any CPU.Build.0 = Release|Any CPU
		{E79FEC58-03F5-3A82-8D33-0ADF080CC752}.Debug|Any CPU.ActiveCfg = Debug|Any CPU
		{E79FEC58-03F5-3A82-8D33-0ADF080CC752}.Debug|Any CPU.Build.0 = Debug|Any CPU
		{E79FEC58-03F5-3A82-8D33-0ADF080CC752}.Release|Any CPU.ActiveCfg = Release|Any CPU
		{E79FEC58-03F5-3A82-8D33-0ADF080CC752}.Release|Any CPU.Build.0 = Release|Any CPU
		{2AA47D49-4B66-2D8F-DB17-F15B75D95518}.Debug|Any CPU.ActiveCfg = Debug|Any CPU
		{2AA47D49-4B66-2D8F-DB17-F15B75D95518}.Debug|Any CPU.Build.0 = Debug|Any CPU
		{2AA47D49-4B66-2D8F-DB17-F15B75D95518}.Release|Any CPU.ActiveCfg = Release|Any CPU
		{2AA47D49-4B66-2D8F-DB17-F15B75D95518}.Release|Any CPU.Build.0 = Release|Any CPU
		{36A8D5E2-30BB-C756-AE23-C5B4F1CFF2CE}.Debug|Any CPU.ActiveCfg = Debug|Any CPU
		{36A8D5E2-30BB-C756-AE23-C5B4F1CFF2CE}.Debug|Any CPU.Build.0 = Debug|Any CPU
		{36A8D5E2-30BB-C756-AE23-C5B4F1CFF2CE}.Release|Any CPU.ActiveCfg = Release|Any CPU
		{36A8D5E2-30BB-C756-AE23-C5B4F1CFF2CE}.Release|Any CPU.Build.0 = Release|Any CPU
		{1B6E2D89-8189-2B5E-4456-8BE1A7349198}.Debug|Any CPU.ActiveCfg = Debug|Any CPU
		{1B6E2D89-8189-2B5E-4456-8BE1A7349198}.Debug|Any CPU.Build.0 = Debug|Any CPU
		{1B6E2D89-8189-2B5E-4456-8BE1A7349198}.Release|Any CPU.ActiveCfg = Release|Any CPU
		{1B6E2D89-8189-2B5E-4456-8BE1A7349198}.Release|Any CPU.Build.0 = Release|Any CPU
		{27F6E3F3-8FF6-3BEA-8A2D-7AA66BDD1532}.Debug|Any CPU.ActiveCfg = Debug|Any CPU
		{27F6E3F3-8FF6-3BEA-8A2D-7AA66BDD1532}.Debug|Any CPU.Build.0 = Debug|Any CPU
		{27F6E3F3-8FF6-3BEA-8A2D-7AA66BDD1532}.Release|Any CPU.ActiveCfg = Release|Any CPU
		{27F6E3F3-8FF6-3BEA-8A2D-7AA66BDD1532}.Release|Any CPU.Build.0 = Release|Any CPU
		{DC40B2B1-3D6D-5A58-4EEB-F7CAF060A779}.Debug|Any CPU.ActiveCfg = Debug|Any CPU
		{DC40B2B1-3D6D-5A58-4EEB-F7CAF060A779}.Debug|Any CPU.Build.0 = Debug|Any CPU
		{DC40B2B1-3D6D-5A58-4EEB-F7CAF060A779}.Release|Any CPU.ActiveCfg = Release|Any CPU
		{DC40B2B1-3D6D-5A58-4EEB-F7CAF060A779}.Release|Any CPU.Build.0 = Release|Any CPU
		{D67052BC-7A66-44CB-1BD7-9B2423ADCC17}.Debug|Any CPU.ActiveCfg = Debug|Any CPU
		{D67052BC-7A66-44CB-1BD7-9B2423ADCC17}.Debug|Any CPU.Build.0 = Debug|Any CPU
		{D67052BC-7A66-44CB-1BD7-9B2423ADCC17}.Release|Any CPU.ActiveCfg = Release|Any CPU
		{D67052BC-7A66-44CB-1BD7-9B2423ADCC17}.Release|Any CPU.Build.0 = Release|Any CPU
		{0C48D9C3-AA3B-EC9D-7B2E-8DE779F3BA56}.Debug|Any CPU.ActiveCfg = Debug|Any CPU
		{0C48D9C3-AA3B-EC9D-7B2E-8DE779F3BA56}.Debug|Any CPU.Build.0 = Debug|Any CPU
		{0C48D9C3-AA3B-EC9D-7B2E-8DE779F3BA56}.Release|Any CPU.ActiveCfg = Release|Any CPU
		{0C48D9C3-AA3B-EC9D-7B2E-8DE779F3BA56}.Release|Any CPU.Build.0 = Release|Any CPU
		{509A9193-4562-6E82-F657-FD1A159B4133}.Debug|Any CPU.ActiveCfg = Debug|Any CPU
		{509A9193-4562-6E82-F657-FD1A159B4133}.Debug|Any CPU.Build.0 = Debug|Any CPU
		{509A9193-4562-6E82-F657-FD1A159B4133}.Release|Any CPU.ActiveCfg = Release|Any CPU
		{509A9193-4562-6E82-F657-FD1A159B4133}.Release|Any CPU.Build.0 = Release|Any CPU
		{6092EF51-2206-3FB8-C029-79468D9C5EC3}.Debug|Any CPU.ActiveCfg = Debug|Any CPU
		{6092EF51-2206-3FB8-C029-79468D9C5EC3}.Debug|Any CPU.Build.0 = Debug|Any CPU
		{6092EF51-2206-3FB8-C029-79468D9C5EC3}.Release|Any CPU.ActiveCfg = Release|Any CPU
		{6092EF51-2206-3FB8-C029-79468D9C5EC3}.Release|Any CPU.Build.0 = Release|Any CPU
		{BA91EEFA-0A4D-5F9E-B2F7-0A627FB3D3EA}.Debug|Any CPU.ActiveCfg = Debug|Any CPU
		{BA91EEFA-0A4D-5F9E-B2F7-0A627FB3D3EA}.Debug|Any CPU.Build.0 = Debug|Any CPU
		{BA91EEFA-0A4D-5F9E-B2F7-0A627FB3D3EA}.Release|Any CPU.ActiveCfg = Release|Any CPU
		{BA91EEFA-0A4D-5F9E-B2F7-0A627FB3D3EA}.Release|Any CPU.Build.0 = Release|Any CPU
		{C78AD432-6B73-0708-0E10-8AE315827526}.Debug|Any CPU.ActiveCfg = Debug|Any CPU
		{C78AD432-6B73-0708-0E10-8AE315827526}.Debug|Any CPU.Build.0 = Debug|Any CPU
		{C78AD432-6B73-0708-0E10-8AE315827526}.Release|Any CPU.ActiveCfg = Release|Any CPU
		{C78AD432-6B73-0708-0E10-8AE315827526}.Release|Any CPU.Build.0 = Release|Any CPU
		{11698461-A0DC-BF9E-38ED-724E77BD64F2}.Debug|Any CPU.ActiveCfg = Debug|Any CPU
		{11698461-A0DC-BF9E-38ED-724E77BD64F2}.Debug|Any CPU.Build.0 = Debug|Any CPU
		{11698461-A0DC-BF9E-38ED-724E77BD64F2}.Release|Any CPU.ActiveCfg = Release|Any CPU
		{11698461-A0DC-BF9E-38ED-724E77BD64F2}.Release|Any CPU.Build.0 = Release|Any CPU
		{93FB504F-0BE1-9AAB-005B-B4CF3B9391C7}.Debug|Any CPU.ActiveCfg = Debug|Any CPU
		{93FB504F-0BE1-9AAB-005B-B4CF3B9391C7}.Debug|Any CPU.Build.0 = Debug|Any CPU
		{93FB504F-0BE1-9AAB-005B-B4CF3B9391C7}.Release|Any CPU.ActiveCfg = Release|Any CPU
		{93FB504F-0BE1-9AAB-005B-B4CF3B9391C7}.Release|Any CPU.Build.0 = Release|Any CPU
		{6D42E84E-52E7-EE31-AF60-CB887F236F11}.Debug|Any CPU.ActiveCfg = Debug|Any CPU
		{6D42E84E-52E7-EE31-AF60-CB887F236F11}.Debug|Any CPU.Build.0 = Debug|Any CPU
		{6D42E84E-52E7-EE31-AF60-CB887F236F11}.Release|Any CPU.ActiveCfg = Release|Any CPU
		{6D42E84E-52E7-EE31-AF60-CB887F236F11}.Release|Any CPU.Build.0 = Release|Any CPU
		{2E2BAED8-0170-0380-F68A-A5FD92B57E4A}.Debug|Any CPU.ActiveCfg = Debug|Any CPU
		{2E2BAED8-0170-0380-F68A-A5FD92B57E4A}.Debug|Any CPU.Build.0 = Debug|Any CPU
		{2E2BAED8-0170-0380-F68A-A5FD92B57E4A}.Release|Any CPU.ActiveCfg = Release|Any CPU
		{2E2BAED8-0170-0380-F68A-A5FD92B57E4A}.Release|Any CPU.Build.0 = Release|Any CPU
		{2B90CAB3-52E9-3A48-0CC7-7D479EA32158}.Debug|Any CPU.ActiveCfg = Debug|Any CPU
		{2B90CAB3-52E9-3A48-0CC7-7D479EA32158}.Debug|Any CPU.Build.0 = Debug|Any CPU
		{2B90CAB3-52E9-3A48-0CC7-7D479EA32158}.Release|Any CPU.ActiveCfg = Release|Any CPU
		{2B90CAB3-52E9-3A48-0CC7-7D479EA32158}.Release|Any CPU.Build.0 = Release|Any CPU
		{43A48B86-00C1-956E-266B-B6852003A11C}.Debug|Any CPU.ActiveCfg = Debug|Any CPU
		{43A48B86-00C1-956E-266B-B6852003A11C}.Debug|Any CPU.Build.0 = Debug|Any CPU
		{43A48B86-00C1-956E-266B-B6852003A11C}.Release|Any CPU.ActiveCfg = Release|Any CPU
		{43A48B86-00C1-956E-266B-B6852003A11C}.Release|Any CPU.Build.0 = Release|Any CPU
		{19C95DC8-FAB6-99EA-0FF8-864B3C562864}.Debug|Any CPU.ActiveCfg = Debug|Any CPU
		{19C95DC8-FAB6-99EA-0FF8-864B3C562864}.Debug|Any CPU.Build.0 = Debug|Any CPU
		{19C95DC8-FAB6-99EA-0FF8-864B3C562864}.Release|Any CPU.ActiveCfg = Release|Any CPU
		{19C95DC8-FAB6-99EA-0FF8-864B3C562864}.Release|Any CPU.Build.0 = Release|Any CPU
		{D9740A45-3658-E3B7-DBAC-04ADE2579558}.Debug|Any CPU.ActiveCfg = Debug|Any CPU
		{D9740A45-3658-E3B7-DBAC-04ADE2579558}.Debug|Any CPU.Build.0 = Debug|Any CPU
		{D9740A45-3658-E3B7-DBAC-04ADE2579558}.Release|Any CPU.ActiveCfg = Release|Any CPU
		{D9740A45-3658-E3B7-DBAC-04ADE2579558}.Release|Any CPU.Build.0 = Release|Any CPU
		{35325DD2-C8B2-2CB8-5B41-179D3B89D9DA}.Debug|Any CPU.ActiveCfg = Debug|Any CPU
		{35325DD2-C8B2-2CB8-5B41-179D3B89D9DA}.Debug|Any CPU.Build.0 = Debug|Any CPU
		{35325DD2-C8B2-2CB8-5B41-179D3B89D9DA}.Release|Any CPU.ActiveCfg = Release|Any CPU
		{35325DD2-C8B2-2CB8-5B41-179D3B89D9DA}.Release|Any CPU.Build.0 = Release|Any CPU
		{6E14651A-B2A9-099E-D529-B87163B2ED8F}.Debug|Any CPU.ActiveCfg = Debug|Any CPU
		{6E14651A-B2A9-099E-D529-B87163B2ED8F}.Debug|Any CPU.Build.0 = Debug|Any CPU
		{6E14651A-B2A9-099E-D529-B87163B2ED8F}.Release|Any CPU.ActiveCfg = Release|Any CPU
		{6E14651A-B2A9-099E-D529-B87163B2ED8F}.Release|Any CPU.Build.0 = Release|Any CPU
		{9F0034F5-467B-BC96-9356-2F578981E156}.Debug|Any CPU.ActiveCfg = Debug|Any CPU
		{9F0034F5-467B-BC96-9356-2F578981E156}.Debug|Any CPU.Build.0 = Debug|Any CPU
		{9F0034F5-467B-BC96-9356-2F578981E156}.Release|Any CPU.ActiveCfg = Release|Any CPU
		{9F0034F5-467B-BC96-9356-2F578981E156}.Release|Any CPU.Build.0 = Release|Any CPU
		{968E640B-8008-C583-6C7B-62C1A06D610A}.Debug|Any CPU.ActiveCfg = Debug|Any CPU
		{968E640B-8008-C583-6C7B-62C1A06D610A}.Debug|Any CPU.Build.0 = Debug|Any CPU
		{968E640B-8008-C583-6C7B-62C1A06D610A}.Release|Any CPU.ActiveCfg = Release|Any CPU
		{968E640B-8008-C583-6C7B-62C1A06D610A}.Release|Any CPU.Build.0 = Release|Any CPU
		{9A7FFC54-1B09-DE21-7BD1-4E1D967DB6DC}.Debug|Any CPU.ActiveCfg = Debug|Any CPU
		{9A7FFC54-1B09-DE21-7BD1-4E1D967DB6DC}.Debug|Any CPU.Build.0 = Debug|Any CPU
		{9A7FFC54-1B09-DE21-7BD1-4E1D967DB6DC}.Release|Any CPU.ActiveCfg = Release|Any CPU
		{9A7FFC54-1B09-DE21-7BD1-4E1D967DB6DC}.Release|Any CPU.Build.0 = Release|Any CPU
		{CD41114C-04FC-A1D9-75FC-B802DEDDB913}.Debug|Any CPU.ActiveCfg = Debug|Any CPU
		{CD41114C-04FC-A1D9-75FC-B802DEDDB913}.Debug|Any CPU.Build.0 = Debug|Any CPU
		{CD41114C-04FC-A1D9-75FC-B802DEDDB913}.Release|Any CPU.ActiveCfg = Release|Any CPU
		{CD41114C-04FC-A1D9-75FC-B802DEDDB913}.Release|Any CPU.Build.0 = Release|Any CPU
		{916826D6-E95A-F8BE-72B9-7F01A1AA59A8}.Debug|Any CPU.ActiveCfg = Debug|Any CPU
		{916826D6-E95A-F8BE-72B9-7F01A1AA59A8}.Debug|Any CPU.Build.0 = Debug|Any CPU
		{916826D6-E95A-F8BE-72B9-7F01A1AA59A8}.Release|Any CPU.ActiveCfg = Release|Any CPU
		{916826D6-E95A-F8BE-72B9-7F01A1AA59A8}.Release|Any CPU.Build.0 = Release|Any CPU
		{C5B3A42B-432E-7A73-4C61-D3080D501BB1}.Debug|Any CPU.ActiveCfg = Debug|Any CPU
		{C5B3A42B-432E-7A73-4C61-D3080D501BB1}.Debug|Any CPU.Build.0 = Debug|Any CPU
		{C5B3A42B-432E-7A73-4C61-D3080D501BB1}.Release|Any CPU.ActiveCfg = Release|Any CPU
		{C5B3A42B-432E-7A73-4C61-D3080D501BB1}.Release|Any CPU.Build.0 = Release|Any CPU
		{D0CF9DFA-5F98-4BAB-3D13-E7A0CF30D47E}.Debug|Any CPU.ActiveCfg = Debug|Any CPU
		{D0CF9DFA-5F98-4BAB-3D13-E7A0CF30D47E}.Debug|Any CPU.Build.0 = Debug|Any CPU
		{D0CF9DFA-5F98-4BAB-3D13-E7A0CF30D47E}.Release|Any CPU.ActiveCfg = Release|Any CPU
		{D0CF9DFA-5F98-4BAB-3D13-E7A0CF30D47E}.Release|Any CPU.Build.0 = Release|Any CPU
		{93B9AE64-6F03-BFBD-0865-CECF58288A97}.Debug|Any CPU.ActiveCfg = Debug|Any CPU
		{93B9AE64-6F03-BFBD-0865-CECF58288A97}.Debug|Any CPU.Build.0 = Debug|Any CPU
		{93B9AE64-6F03-BFBD-0865-CECF58288A97}.Release|Any CPU.ActiveCfg = Release|Any CPU
		{93B9AE64-6F03-BFBD-0865-CECF58288A97}.Release|Any CPU.Build.0 = Release|Any CPU
		{83C17BDE-817A-243B-A765-085DCBD1AB99}.Debug|Any CPU.ActiveCfg = Debug|Any CPU
		{83C17BDE-817A-243B-A765-085DCBD1AB99}.Debug|Any CPU.Build.0 = Debug|Any CPU
		{83C17BDE-817A-243B-A765-085DCBD1AB99}.Release|Any CPU.ActiveCfg = Release|Any CPU
		{83C17BDE-817A-243B-A765-085DCBD1AB99}.Release|Any CPU.Build.0 = Release|Any CPU
		{3EF2B844-3F1B-03F0-7A28-C1311EA50948}.Debug|Any CPU.ActiveCfg = Debug|Any CPU
		{3EF2B844-3F1B-03F0-7A28-C1311EA50948}.Debug|Any CPU.Build.0 = Debug|Any CPU
		{3EF2B844-3F1B-03F0-7A28-C1311EA50948}.Release|Any CPU.ActiveCfg = Release|Any CPU
		{3EF2B844-3F1B-03F0-7A28-C1311EA50948}.Release|Any CPU.Build.0 = Release|Any CPU
		{08D30458-7CF1-BDC5-9F9F-4EF546CE8A76}.Debug|Any CPU.ActiveCfg = Debug|Any CPU
		{08D30458-7CF1-BDC5-9F9F-4EF546CE8A76}.Debug|Any CPU.Build.0 = Debug|Any CPU
		{08D30458-7CF1-BDC5-9F9F-4EF546CE8A76}.Release|Any CPU.ActiveCfg = Release|Any CPU
		{08D30458-7CF1-BDC5-9F9F-4EF546CE8A76}.Release|Any CPU.Build.0 = Release|Any CPU
		{E8BF3128-783E-3CA5-ED35-35347C3CFC2D}.Debug|Any CPU.ActiveCfg = Debug|Any CPU
		{E8BF3128-783E-3CA5-ED35-35347C3CFC2D}.Debug|Any CPU.Build.0 = Debug|Any CPU
		{E8BF3128-783E-3CA5-ED35-35347C3CFC2D}.Release|Any CPU.ActiveCfg = Release|Any CPU
		{E8BF3128-783E-3CA5-ED35-35347C3CFC2D}.Release|Any CPU.Build.0 = Release|Any CPU
		{95871552-F9D5-78C0-3268-979D8F2B8309}.Debug|Any CPU.ActiveCfg = Debug|Any CPU
		{95871552-F9D5-78C0-3268-979D8F2B8309}.Debug|Any CPU.Build.0 = Debug|Any CPU
		{95871552-F9D5-78C0-3268-979D8F2B8309}.Release|Any CPU.ActiveCfg = Release|Any CPU
		{95871552-F9D5-78C0-3268-979D8F2B8309}.Release|Any CPU.Build.0 = Release|Any CPU
	EndGlobalSection
	GlobalSection(SolutionProperties) = preSolution
		HideSolutionNode = FALSE
	EndGlobalSection
EndGlobal
